
Microsoft Visual Studio Solution File, Format Version 12.00
# Visual Studio Version 17
VisualStudioVersion = 17.13.35919.96 d17.13
MinimumVisualStudioVersion = 10.0.40219.1
Project("{FAE04EC0-301F-11D3-BF4B-00C04F79EFBC}") = "t1", "t1\t1.csproj", "{E8BF07D2-8669-4C70-AAE0-8979BAC23267}"
EndProject
Global
	GlobalSection(SolutionConfigurationPlatforms) = preSolution
		Debug|Any CPU = Debug|Any CPU
		Release|Any CPU = Release|Any CPU
	EndGlobalSection
	GlobalSection(ProjectConfigurationPlatforms) = postSolution
		{E8BF07D2-8669-4C70-AAE0-8979BAC23267}.Debug|Any CPU.ActiveCfg = Debug|Any CPU
		{E8BF07D2-8669-4C70-AAE0-8979BAC23267}.Debug|Any CPU.Build.0 = Debug|Any CPU
		{E8BF07D2-8669-4C70-AAE0-8979BAC23267}.Release|Any CPU.ActiveCfg = Release|Any CPU
		{E8BF07D2-8669-4C70-AAE0-8979BAC23267}.Release|Any CPU.Build.0 = Release|Any CPU
	EndGlobalSection
	GlobalSection(SolutionProperties) = preSolution
		HideSolutionNode = FALSE
	EndGlobalSection
	GlobalSection(ExtensibilityGlobals) = postSolution
		SolutionGuid = {E745E6E7-2307-4207-AC5A-EE327CCCEFFC}
	EndGlobalSection
EndGlobal
